<?xml version="1.0" encoding="utf-8"?>
<Project ToolsVersion="4.0" xmlns="http://schemas.microsoft.com/developer/msbuild/2003">
  <ItemGroup>
    <Filter Include="Source Files">
      <UniqueIdentifier>{4FC737F1-C7A5-4376-A066-2A32D752A2FF}</UniqueIdentifier>
      <Extensions>cpp;c;cc;cxx;c++;cppm;ixx;def;odl;idl;hpj;bat;asm;asmx</Extensions>
    </Filter>
    <Filter Include="Header Files">
      <UniqueIdentifier>{93995380-89BD-4b04-88EB-625FBE52EBFB}</UniqueIdentifier>
      <Extensions>h;hh;hpp;hxx;h++;hm;inl;inc;ipp;xsd</Extensions>
    </Filter>
    <Filter Include="Resource Files">
      <UniqueIdentifier>{67DA6AB6-F800-4c08-8B7A-83BB121AAD01}</UniqueIdentifier>
      <Extensions>rc;ico;cur;bmp;dlg;rc2;rct;bin;rgs;gif;jpg;jpeg;jpe;resx;tiff;tif;png;wav;mfcribbon-ms</Extensions>
    </Filter>
  </ItemGroup>
  <ItemGroup>
    <ClCompile Include="Game\src\Main.cpp">
      <Filter>Source Files</Filter>
    </ClCompile>
    <ClCompile Include="Game\src\Game.cpp">
      <Filter>Source Files</Filter>
    </ClCompile>
    <ClCompile Include="Game\src\Ship.cpp">
      <Filter>Source Files</Filter>
    </ClCompile>
    <ClCompile Include="Game\src\Math.cpp">
      <Filter>Source Files</Filter>
    </ClCompile>
    <ClCompile Include="Game\src\Background.cpp">
      <Filter>Source Files</Filter>
    </ClCompile>
    <ClCompile Include="Game\src\Text.cpp">
      <Filter>Source Files</Filter>
    </ClCompile>
    <ClCompile Include="Game\src\UI.cpp">
      <Filter>Source Files</Filter>
    </ClCompile>
    <ClCompile Include="Game\src\Animation.cpp">
      <Filter>Source Files</Filter>
    </ClCompile>
    <ClCompile Include="Game\src\Asteroid.cpp">
      <Filter>Source Files</Filter>
    </ClCompile>
    <ClCompile Include="Game\src\Entity.cpp">
      <Filter>Source Files</Filter>
    </ClCompile>
    <ClCompile Include="Game\src\Laser.cpp">
      <Filter>Source Files</Filter>
    </ClCompile>
    <ClCompile Include="Game\src\Rocket.cpp">
      <Filter>Source Files</Filter>
    </ClCompile>
    <ClCompile Include="Game\src\Sound.cpp">
      <Filter>Source Files</Filter>
    </ClCompile>
    <ClCompile Include="Game\src\Input.cpp">
      <Filter>Source Files</Filter>
    </ClCompile>
  </ItemGroup>
  <ItemGroup>
    <ClInclude Include="header\Constants.h">
      <Filter>Header Files</Filter>
    </ClInclude>
    <ClInclude Include="header\Game.h">
      <Filter>Header Files</Filter>
    </ClInclude>
    <ClInclude Include="header\Animation.h">
      <Filter>Header Files</Filter>
    </ClInclude>
    <ClInclude Include="header\Asteroid.h">
      <Filter>Header Files</Filter>
    </ClInclude>
    <ClInclude Include="header\Entity.h">
      <Filter>Header Files</Filter>
    </ClInclude>
    <ClInclude Include="header\Laser.h">
      <Filter>Header Files</Filter>
    </ClInclude>
    <ClInclude Include="header\Ship.h">
      <Filter>Header Files</Filter>
    </ClInclude>
    <ClInclude Include="header\Math.h">
      <Filter>Header Files</Filter>
    </ClInclude>
    <ClInclude Include="header\Sound.h">
      <Filter>Header Files</Filter>
    </ClInclude>
    <ClInclude Include="header\Background.h">
      <Filter>Header Files</Filter>
    </ClInclude>
    <ClInclude Include="header\Text.h">
      <Filter>Header Files</Filter>
    </ClInclude>
    <ClInclude Include="header\UI.h">
      <Filter>Header Files</Filter>
    </ClInclude>
    <ClInclude Include="header\Rocket.h">
      <Filter>Header Files</Filter>
    </ClInclude>
    <ClInclude Include="header\PCH.h">
      <Filter>Header Files</Filter>
    </ClInclude>
    <ClInclude Include="Game\header\Animation.h">
      <Filter>Header Files</Filter>
    </ClInclude>
    <ClInclude Include="Game\header\Asteroid.h">
      <Filter>Header Files</Filter>
    </ClInclude>
    <ClInclude Include="Game\header\Background.h">
      <Filter>Header Files</Filter>
    </ClInclude>
    <ClInclude Include="Game\header\Constants.h">
      <Filter>Header Files</Filter>
    </ClInclude>
    <ClInclude Include="Game\header\Entity.h">
      <Filter>Header Files</Filter>
    </ClInclude>
    <ClInclude Include="Game\header\Game.h">
      <Filter>Header Files</Filter>
    </ClInclude>
    <ClInclude Include="Game\header\Input.h">
      <Filter>Header Files</Filter>
    </ClInclude>
    <ClInclude Include="Game\header\Laser.h">
      <Filter>Header Files</Filter>
    </ClInclude>
    <ClInclude Include="Game\header\Math.h">
      <Filter>Header Files</Filter>
    </ClInclude>
    <ClInclude Include="Game\header\PCH.h">
      <Filter>Header Files</Filter>
    </ClInclude>
    <ClInclude Include="Game\header\Rocket.h">
      <Filter>Header Files</Filter>
    </ClInclude>
    <ClInclude Include="Game\header\Ship.h">
      <Filter>Header Files</Filter>
    </ClInclude>
    <ClInclude Include="Game\header\Sound.h">
      <Filter>Header Files</Filter>
    </ClInclude>
    <ClInclude Include="Game\header\Text.h">
      <Filter>Header Files</Filter>
    </ClInclude>
    <ClInclude Include="Game\header\UI.h">
      <Filter>Header Files</Filter>
    </ClInclude>
    <ClInclude Include="resource.h">
      <Filter>Header Files</Filter>
    </ClInclude>
    <ClInclude Include="resource1.h">
      <Filter>Header Files</Filter>
    </ClInclude>
    <ClInclude Include="resource2.h">
      <Filter>Header Files</Filter>
    </ClInclude>
    <ClInclude Include="resource3.h">
      <Filter>Header Files</Filter>
    </ClInclude>
    <ClInclude Include="resource4.h">
      <Filter>Header Files</Filter>
    </ClInclude>
    <ClInclude Include="resource5.h">
      <Filter>Header Files</Filter>
    </ClInclude>
    <ClInclude Include="resource6.h">
      <Filter>Header Files</Filter>
    </ClInclude>
  </ItemGroup>
  <ItemGroup>
    <ResourceCompile Include="icon.rc">
      <Filter>Resource Files</Filter>
    </ResourceCompile>
  </ItemGroup>
  <ItemGroup>
    <Image Include="Resources\Icon\ico\Asteroid.ico">
      <Filter>Resource Files</Filter>
    </Image>
  </ItemGroup>
</Project>